// !$*UTF8*$!
{
	archiveVersion = 1;
	classes = {
	};
	objectVersion = 56;
	objects = {

/* Begin PBXBuildFile section */
		D801769F29437C94004CEDC4 /* BaseSlidingController.swift in Sources */ = {isa = PBXBuildFile; fileRef = D801769E29437C94004CEDC4 /* BaseSlidingController.swift */; };
		D82D05C32952E498007EFF21 /* ChatroomsMenuController.swift in Sources */ = {isa = PBXBuildFile; fileRef = D82D05C22952E498007EFF21 /* ChatroomsMenuController.swift */; };
		D82D05C529530D61007EFF21 /* ChatroomMenuCell.swift in Sources */ = {isa = PBXBuildFile; fileRef = D82D05C429530D61007EFF21 /* ChatroomMenuCell.swift */; };
		D82D05C7295310C0007EFF21 /* Extensions+UIView.swift in Sources */ = {isa = PBXBuildFile; fileRef = D82D05C6295310BF007EFF21 /* Extensions+UIView.swift */; };
		D841D12E2949E7F900DEB383 /* MenuItemCell.swift in Sources */ = {isa = PBXBuildFile; fileRef = D841D12D2949E7F900DEB383 /* MenuItemCell.swift */; };
		D850CFC22948CD78009AD909 /* ProfileImageView.swift in Sources */ = {isa = PBXBuildFile; fileRef = D850CFC12948CD78009AD909 /* ProfileImageView.swift */; };
		D87DD157293F6F5200022F97 /* AppDelegate.swift in Sources */ = {isa = PBXBuildFile; fileRef = D87DD156293F6F5200022F97 /* AppDelegate.swift */; };
		D87DD159293F6F5200022F97 /* SceneDelegate.swift in Sources */ = {isa = PBXBuildFile; fileRef = D87DD158293F6F5200022F97 /* SceneDelegate.swift */; };
		D87DD15B293F6F5200022F97 /* HomeController.swift in Sources */ = {isa = PBXBuildFile; fileRef = D87DD15A293F6F5200022F97 /* HomeController.swift */; };
		D87DD15E293F6F5200022F97 /* Main.storyboard in Resources */ = {isa = PBXBuildFile; fileRef = D87DD15C293F6F5200022F97 /* Main.storyboard */; };
		D87DD160293F6F5400022F97 /* Assets.xcassets in Resources */ = {isa = PBXBuildFile; fileRef = D87DD15F293F6F5400022F97 /* Assets.xcassets */; };
		D87DD163293F6F5400022F97 /* LaunchScreen.storyboard in Resources */ = {isa = PBXBuildFile; fileRef = D87DD161293F6F5400022F97 /* LaunchScreen.storyboard */; };
		D87DD16C293FD04900022F97 /* MenuController.swift in Sources */ = {isa = PBXBuildFile; fileRef = D87DD16B293FD04900022F97 /* MenuController.swift */; };
		D888420B29474F710048920B /* CustomMenuHeaderView.swift in Sources */ = {isa = PBXBuildFile; fileRef = D888420A29474F710048920B /* CustomMenuHeaderView.swift */; };
		D88D4AB82954977C002F6E70 /* ChatroomMenuContainerController.swift in Sources */ = {isa = PBXBuildFile; fileRef = D88D4AB72954977C002F6E70 /* ChatroomMenuContainerController.swift */; };
		D893A4EB2948ACA100FD6337 /* SpacerView.swift in Sources */ = {isa = PBXBuildFile; fileRef = D893A4EA2948ACA100FD6337 /* SpacerView.swift */; };
		D8C16792294B1E7900854740 /* BookmarksController.swift in Sources */ = {isa = PBXBuildFile; fileRef = D8C16791294B1E7900854740 /* BookmarksController.swift */; };
		D8C5D67F294E415A0058E834 /* BookmarksVC.swift in Sources */ = {isa = PBXBuildFile; fileRef = D8C5D67E294E415A0058E834 /* BookmarksVC.swift */; };
		D8E2B591294A4B57005B2543 /* ListsController.swift in Sources */ = {isa = PBXBuildFile; fileRef = D8E2B590294A4B57005B2543 /* ListsController.swift */; };
/* End PBXBuildFile section */

/* Begin PBXFileReference section */
		D801769E29437C94004CEDC4 /* BaseSlidingController.swift */ = {isa = PBXFileReference; lastKnownFileType = sourcecode.swift; path = BaseSlidingController.swift; sourceTree = "<group>"; };
		D82D05C22952E498007EFF21 /* ChatroomsMenuController.swift */ = {isa = PBXFileReference; lastKnownFileType = sourcecode.swift; path = ChatroomsMenuController.swift; sourceTree = "<group>"; };
		D82D05C429530D61007EFF21 /* ChatroomMenuCell.swift */ = {isa = PBXFileReference; lastKnownFileType = sourcecode.swift; path = ChatroomMenuCell.swift; sourceTree = "<group>"; };
		D82D05C6295310BF007EFF21 /* Extensions+UIView.swift */ = {isa = PBXFileReference; fileEncoding = 4; lastKnownFileType = sourcecode.swift; path = "Extensions+UIView.swift"; sourceTree = "<group>"; };
		D841D12D2949E7F900DEB383 /* MenuItemCell.swift */ = {isa = PBXFileReference; lastKnownFileType = sourcecode.swift; path = MenuItemCell.swift; sourceTree = "<group>"; };
		D850CFC12948CD78009AD909 /* ProfileImageView.swift */ = {isa = PBXFileReference; lastKnownFileType = sourcecode.swift; path = ProfileImageView.swift; sourceTree = "<group>"; };
		D87DD153293F6F5200022F97 /* SlideOutMenu.app */ = {isa = PBXFileReference; explicitFileType = wrapper.application; includeInIndex = 0; path = SlideOutMenu.app; sourceTree = BUILT_PRODUCTS_DIR; };
		D87DD156293F6F5200022F97 /* AppDelegate.swift */ = {isa = PBXFileReference; lastKnownFileType = sourcecode.swift; path = AppDelegate.swift; sourceTree = "<group>"; };
		D87DD158293F6F5200022F97 /* SceneDelegate.swift */ = {isa = PBXFileReference; lastKnownFileType = sourcecode.swift; path = SceneDelegate.swift; sourceTree = "<group>"; };
		D87DD15A293F6F5200022F97 /* HomeController.swift */ = {isa = PBXFileReference; lastKnownFileType = sourcecode.swift; path = HomeController.swift; sourceTree = "<group>"; };
		D87DD15D293F6F5200022F97 /* Base */ = {isa = PBXFileReference; lastKnownFileType = file.storyboard; name = Base; path = Base.lproj/Main.storyboard; sourceTree = "<group>"; };
		D87DD15F293F6F5400022F97 /* Assets.xcassets */ = {isa = PBXFileReference; lastKnownFileType = folder.assetcatalog; path = Assets.xcassets; sourceTree = "<group>"; };
		D87DD162293F6F5400022F97 /* Base */ = {isa = PBXFileReference; lastKnownFileType = file.storyboard; name = Base; path = Base.lproj/LaunchScreen.storyboard; sourceTree = "<group>"; };
		D87DD164293F6F5400022F97 /* Info.plist */ = {isa = PBXFileReference; lastKnownFileType = text.plist.xml; path = Info.plist; sourceTree = "<group>"; };
		D87DD16B293FD04900022F97 /* MenuController.swift */ = {isa = PBXFileReference; lastKnownFileType = sourcecode.swift; path = MenuController.swift; sourceTree = "<group>"; };
		D888420A29474F710048920B /* CustomMenuHeaderView.swift */ = {isa = PBXFileReference; lastKnownFileType = sourcecode.swift; path = CustomMenuHeaderView.swift; sourceTree = "<group>"; };
		D88D4AB72954977C002F6E70 /* ChatroomMenuContainerController.swift */ = {isa = PBXFileReference; lastKnownFileType = sourcecode.swift; path = ChatroomMenuContainerController.swift; sourceTree = "<group>"; };
		D893A4EA2948ACA100FD6337 /* SpacerView.swift */ = {isa = PBXFileReference; lastKnownFileType = sourcecode.swift; name = SpacerView.swift; path = SlideOutMenu/Views/SpacerView.swift; sourceTree = SOURCE_ROOT; };
		D8C16791294B1E7900854740 /* BookmarksController.swift */ = {isa = PBXFileReference; lastKnownFileType = sourcecode.swift; path = BookmarksController.swift; sourceTree = "<group>"; };
		D8C5D67E294E415A0058E834 /* BookmarksVC.swift */ = {isa = PBXFileReference; lastKnownFileType = sourcecode.swift; path = BookmarksVC.swift; sourceTree = "<group>"; };
		D8E2B590294A4B57005B2543 /* ListsController.swift */ = {isa = PBXFileReference; lastKnownFileType = sourcecode.swift; path = ListsController.swift; sourceTree = "<group>"; };
/* End PBXFileReference section */

/* Begin PBXFrameworksBuildPhase section */
		D87DD150293F6F5200022F97 /* Frameworks */ = {
			isa = PBXFrameworksBuildPhase;
			buildActionMask = 2147483647;
			files = (
			);
			runOnlyForDeploymentPostprocessing = 0;
		};
/* End PBXFrameworksBuildPhase section */

/* Begin PBXGroup section */
		D801769D29437C32004CEDC4 /* Base */ = {
			isa = PBXGroup;
			children = (
				D801769E29437C94004CEDC4 /* BaseSlidingController.swift */,
			);
			path = Base;
			sourceTree = "<group>";
		};
		D87DD14A293F6F5200022F97 = {
			isa = PBXGroup;
			children = (
				D87DD155293F6F5200022F97 /* SlideOutMenu */,
				D87DD154293F6F5200022F97 /* Products */,
			);
			sourceTree = "<group>";
		};
		D87DD154293F6F5200022F97 /* Products */ = {
			isa = PBXGroup;
			children = (
				D87DD153293F6F5200022F97 /* SlideOutMenu.app */,
			);
			name = Products;
			sourceTree = "<group>";
		};
		D87DD155293F6F5200022F97 /* SlideOutMenu */ = {
			isa = PBXGroup;
			children = (
				D888420929474F320048920B /* Views */,
				D87DD16A293FD00100022F97 /* Controllers */,
				D87DD156293F6F5200022F97 /* AppDelegate.swift */,
				D87DD158293F6F5200022F97 /* SceneDelegate.swift */,
				D87DD15C293F6F5200022F97 /* Main.storyboard */,
				D87DD15F293F6F5400022F97 /* Assets.xcassets */,
				D87DD161293F6F5400022F97 /* LaunchScreen.storyboard */,
				D87DD164293F6F5400022F97 /* Info.plist */,
			);
			path = SlideOutMenu;
			sourceTree = "<group>";
		};
		D87DD16A293FD00100022F97 /* Controllers */ = {
			isa = PBXGroup;
			children = (
				D82D05C22952E498007EFF21 /* ChatroomsMenuController.swift */,
				D88D4AB72954977C002F6E70 /* ChatroomMenuContainerController.swift */,
				D8C5D67E294E415A0058E834 /* BookmarksVC.swift */,
				D8C16791294B1E7900854740 /* BookmarksController.swift */,
				D8E2B590294A4B57005B2543 /* ListsController.swift */,
				D801769D29437C32004CEDC4 /* Base */,
				D87DD16B293FD04900022F97 /* MenuController.swift */,
				D87DD15A293F6F5200022F97 /* HomeController.swift */,
			);
			path = Controllers;
			sourceTree = "<group>";
		};
		D888420929474F320048920B /* Views */ = {
			isa = PBXGroup;
			children = (
				D82D05C429530D61007EFF21 /* ChatroomMenuCell.swift */,
				D893A4EA2948ACA100FD6337 /* SpacerView.swift */,
				D888420A29474F710048920B /* CustomMenuHeaderView.swift */,
				D841D12D2949E7F900DEB383 /* MenuItemCell.swift */,
				D850CFC12948CD78009AD909 /* ProfileImageView.swift */,
				D82D05C6295310BF007EFF21 /* Extensions+UIView.swift */,
			);
			path = Views;
			sourceTree = "<group>";
		};
/* End PBXGroup section */

/* Begin PBXNativeTarget section */
		D87DD152293F6F5200022F97 /* SlideOutMenu */ = {
			isa = PBXNativeTarget;
			buildConfigurationList = D87DD167293F6F5400022F97 /* Build configuration list for PBXNativeTarget "SlideOutMenu" */;
			buildPhases = (
				D87DD14F293F6F5200022F97 /* Sources */,
				D87DD150293F6F5200022F97 /* Frameworks */,
				D87DD151293F6F5200022F97 /* Resources */,
			);
			buildRules = (
			);
			dependencies = (
			);
			name = SlideOutMenu;
			productName = SlideOutMenu;
			productReference = D87DD153293F6F5200022F97 /* SlideOutMenu.app */;
			productType = "com.apple.product-type.application";
		};
/* End PBXNativeTarget section */

/* Begin PBXProject section */
		D87DD14B293F6F5200022F97 /* Project object */ = {
			isa = PBXProject;
			attributes = {
				BuildIndependentTargetsInParallel = 1;
				LastSwiftUpdateCheck = 1410;
				LastUpgradeCheck = 1410;
				TargetAttributes = {
					D87DD152293F6F5200022F97 = {
						CreatedOnToolsVersion = 14.1;
					};
				};
			};
			buildConfigurationList = D87DD14E293F6F5200022F97 /* Build configuration list for PBXProject "SlideOutMenu" */;
			compatibilityVersion = "Xcode 14.0";
			developmentRegion = en;
			hasScannedForEncodings = 0;
			knownRegions = (
				en,
				Base,
			);
			mainGroup = D87DD14A293F6F5200022F97;
			productRefGroup = D87DD154293F6F5200022F97 /* Products */;
			projectDirPath = "";
			projectRoot = "";
			targets = (
				D87DD152293F6F5200022F97 /* SlideOutMenu */,
			);
		};
/* End PBXProject section */

/* Begin PBXResourcesBuildPhase section */
		D87DD151293F6F5200022F97 /* Resources */ = {
			isa = PBXResourcesBuildPhase;
			buildActionMask = 2147483647;
			files = (
				D87DD163293F6F5400022F97 /* LaunchScreen.storyboard in Resources */,
				D87DD160293F6F5400022F97 /* Assets.xcassets in Resources */,
				D87DD15E293F6F5200022F97 /* Main.storyboard in Resources */,
			);
			runOnlyForDeploymentPostprocessing = 0;
		};
/* End PBXResourcesBuildPhase section */

/* Begin PBXSourcesBuildPhase section */
		D87DD14F293F6F5200022F97 /* Sources */ = {
			isa = PBXSourcesBuildPhase;
			buildActionMask = 2147483647;
			files = (
				D8C16792294B1E7900854740 /* BookmarksController.swift in Sources */,
				D850CFC22948CD78009AD909 /* ProfileImageView.swift in Sources */,
				D893A4EB2948ACA100FD6337 /* SpacerView.swift in Sources */,
				D87DD16C293FD04900022F97 /* MenuController.swift in Sources */,
				D888420B29474F710048920B /* CustomMenuHeaderView.swift in Sources */,
				D87DD15B293F6F5200022F97 /* HomeController.swift in Sources */,
				D8E2B591294A4B57005B2543 /* ListsController.swift in Sources */,
				D82D05C529530D61007EFF21 /* ChatroomMenuCell.swift in Sources */,
				D82D05C32952E498007EFF21 /* ChatroomsMenuController.swift in Sources */,
				D88D4AB82954977C002F6E70 /* ChatroomMenuContainerController.swift in Sources */,
				D87DD157293F6F5200022F97 /* AppDelegate.swift in Sources */,
				D841D12E2949E7F900DEB383 /* MenuItemCell.swift in Sources */,
				D87DD159293F6F5200022F97 /* SceneDelegate.swift in Sources */,
				D8C5D67F294E415A0058E834 /* BookmarksVC.swift in Sources */,
				D801769F29437C94004CEDC4 /* BaseSlidingController.swift in Sources */,
				D82D05C7295310C0007EFF21 /* Extensions+UIView.swift in Sources */,
			);
			runOnlyForDeploymentPostprocessing = 0;
		};
/* End PBXSourcesBuildPhase section */

/* Begin PBXVariantGroup section */
		D87DD15C293F6F5200022F97 /* Main.storyboard */ = {
			isa = PBXVariantGroup;
			children = (
				D87DD15D293F6F5200022F97 /* Base */,
			);
			name = Main.storyboard;
			sourceTree = "<group>";
		};
		D87DD161293F6F5400022F97 /* LaunchScreen.storyboard */ = {
			isa = PBXVariantGroup;
			children = (
				D87DD162293F6F5400022F97 /* Base */,
			);
			name = LaunchScreen.storyboard;
			sourceTree = "<group>";
		};
/* End PBXVariantGroup section */

/* Begin XCBuildConfiguration section */
		D87DD165293F6F5400022F97 /* Debug */ = {
			isa = XCBuildConfiguration;
			buildSettings = {
				ALWAYS_SEARCH_USER_PATHS = NO;
				CLANG_ANALYZER_NONNULL = YES;
				CLANG_ANALYZER_NUMBER_OBJECT_CONVERSION = YES_AGGRESSIVE;
				CLANG_CXX_LANGUAGE_STANDARD = "gnu++20";
				CLANG_ENABLE_MODULES = YES;
				CLANG_ENABLE_OBJC_ARC = YES;
				CLANG_ENABLE_OBJC_WEAK = YES;
				CLANG_WARN_BLOCK_CAPTURE_AUTORELEASING = YES;
				CLANG_WARN_BOOL_CONVERSION = YES;
				CLANG_WARN_COMMA = YES;
				CLANG_WARN_CONSTANT_CONVERSION = YES;
				CLANG_WARN_DEPRECATED_OBJC_IMPLEMENTATIONS = YES;
				CLANG_WARN_DIRECT_OBJC_ISA_USAGE = YES_ERROR;
				CLANG_WARN_DOCUMENTATION_COMMENTS = YES;
				CLANG_WARN_EMPTY_BODY = YES;
				CLANG_WARN_ENUM_CONVERSION = YES;
				CLANG_WARN_INFINITE_RECURSION = YES;
				CLANG_WARN_INT_CONVERSION = YES;
				CLANG_WARN_NON_LITERAL_NULL_CONVERSION = YES;
				CLANG_WARN_OBJC_IMPLICIT_RETAIN_SELF = YES;
				CLANG_WARN_OBJC_LITERAL_CONVERSION = YES;
				CLANG_WARN_OBJC_ROOT_CLASS = YES_ERROR;
				CLANG_WARN_QUOTED_INCLUDE_IN_FRAMEWORK_HEADER = YES;
				CLANG_WARN_RANGE_LOOP_ANALYSIS = YES;
				CLANG_WARN_STRICT_PROTOTYPES = YES;
				CLANG_WARN_SUSPICIOUS_MOVE = YES;
				CLANG_WARN_UNGUARDED_AVAILABILITY = YES_AGGRESSIVE;
				CLANG_WARN_UNREACHABLE_CODE = YES;
				CLANG_WARN__DUPLICATE_METHOD_MATCH = YES;
				COPY_PHASE_STRIP = NO;
				DEBUG_INFORMATION_FORMAT = dwarf;
				ENABLE_STRICT_OBJC_MSGSEND = YES;
				ENABLE_TESTABILITY = YES;
				GCC_C_LANGUAGE_STANDARD = gnu11;
				GCC_DYNAMIC_NO_PIC = NO;
				GCC_NO_COMMON_BLOCKS = YES;
				GCC_OPTIMIZATION_LEVEL = 0;
				GCC_PREPROCESSOR_DEFINITIONS = (
					"DEBUG=1",
					"$(inherited)",
				);
				GCC_WARN_64_TO_32_BIT_CONVERSION = YES;
				GCC_WARN_ABOUT_RETURN_TYPE = YES_ERROR;
				GCC_WARN_UNDECLARED_SELECTOR = YES;
				GCC_WARN_UNINITIALIZED_AUTOS = YES_AGGRESSIVE;
				GCC_WARN_UNUSED_FUNCTION = YES;
				GCC_WARN_UNUSED_VARIABLE = YES;
				IPHONEOS_DEPLOYMENT_TARGET = 16.1;
				MTL_ENABLE_DEBUG_INFO = INCLUDE_SOURCE;
				MTL_FAST_MATH = YES;
				ONLY_ACTIVE_ARCH = YES;
				SDKROOT = iphoneos;
				SWIFT_ACTIVE_COMPILATION_CONDITIONS = DEBUG;
				SWIFT_OPTIMIZATION_LEVEL = "-Onone";
			};
			name = Debug;
		};
		D87DD166293F6F5400022F97 /* Release */ = {
			isa = XCBuildConfiguration;
			buildSettings = {
				ALWAYS_SEARCH_USER_PATHS = NO;
				CLANG_ANALYZER_NONNULL = YES;
				CLANG_ANALYZER_NUMBER_OBJECT_CONVERSION = YES_AGGRESSIVE;
				CLANG_CXX_LANGUAGE_STANDARD = "gnu++20";
				CLANG_ENABLE_MODULES = YES;
				CLANG_ENABLE_OBJC_ARC = YES;
				CLANG_ENABLE_OBJC_WEAK = YES;
				CLANG_WARN_BLOCK_CAPTURE_AUTORELEASING = YES;
				CLANG_WARN_BOOL_CONVERSION = YES;
				CLANG_WARN_COMMA = YES;
				CLANG_WARN_CONSTANT_CONVERSION = YES;
				CLANG_WARN_DEPRECATED_OBJC_IMPLEMENTATIONS = YES;
				CLANG_WARN_DIRECT_OBJC_ISA_USAGE = YES_ERROR;
				CLANG_WARN_DOCUMENTATION_COMMENTS = YES;
				CLANG_WARN_EMPTY_BODY = YES;
				CLANG_WARN_ENUM_CONVERSION = YES;
				CLANG_WARN_INFINITE_RECURSION = YES;
				CLANG_WARN_INT_CONVERSION = YES;
				CLANG_WARN_NON_LITERAL_NULL_CONVERSION = YES;
				CLANG_WARN_OBJC_IMPLICIT_RETAIN_SELF = YES;
				CLANG_WARN_OBJC_LITERAL_CONVERSION = YES;
				CLANG_WARN_OBJC_ROOT_CLASS = YES_ERROR;
				CLANG_WARN_QUOTED_INCLUDE_IN_FRAMEWORK_HEADER = YES;
				CLANG_WARN_RANGE_LOOP_ANALYSIS = YES;
				CLANG_WARN_STRICT_PROTOTYPES = YES;
				CLANG_WARN_SUSPICIOUS_MOVE = YES;
				CLANG_WARN_UNGUARDED_AVAILABILITY = YES_AGGRESSIVE;
				CLANG_WARN_UNREACHABLE_CODE = YES;
				CLANG_WARN__DUPLICATE_METHOD_MATCH = YES;
				COPY_PHASE_STRIP = NO;
				DEBUG_INFORMATION_FORMAT = "dwarf-with-dsym";
				ENABLE_NS_ASSERTIONS = NO;
				ENABLE_STRICT_OBJC_MSGSEND = YES;
				GCC_C_LANGUAGE_STANDARD = gnu11;
				GCC_NO_COMMON_BLOCKS = YES;
				GCC_WARN_64_TO_32_BIT_CONVERSION = YES;
				GCC_WARN_ABOUT_RETURN_TYPE = YES_ERROR;
				GCC_WARN_UNDECLARED_SELECTOR = YES;
				GCC_WARN_UNINITIALIZED_AUTOS = YES_AGGRESSIVE;
				GCC_WARN_UNUSED_FUNCTION = YES;
				GCC_WARN_UNUSED_VARIABLE = YES;
				IPHONEOS_DEPLOYMENT_TARGET = 16.1;
				MTL_ENABLE_DEBUG_INFO = NO;
				MTL_FAST_MATH = YES;
				SDKROOT = iphoneos;
				SWIFT_COMPILATION_MODE = wholemodule;
				SWIFT_OPTIMIZATION_LEVEL = "-O";
				VALIDATE_PRODUCT = YES;
			};
			name = Release;
		};
		D87DD168293F6F5400022F97 /* Debug */ = {
			isa = XCBuildConfiguration;
			buildSettings = {
				ASSETCATALOG_COMPILER_APPICON_NAME = AppIcon;
				ASSETCATALOG_COMPILER_GLOBAL_ACCENT_COLOR_NAME = AccentColor;
				CODE_SIGN_STYLE = Automatic;
				CURRENT_PROJECT_VERSION = 1;
				DEVELOPMENT_TEAM = Q5CYH8RVUS;
				GENERATE_INFOPLIST_FILE = YES;
				INFOPLIST_FILE = SlideOutMenu/Info.plist;
				INFOPLIST_KEY_UIApplicationSupportsIndirectInputEvents = YES;
				INFOPLIST_KEY_UILaunchStoryboardName = LaunchScreen;
				INFOPLIST_KEY_UIMainStoryboardFile = Main;
				INFOPLIST_KEY_UISupportedInterfaceOrientations_iPad = "UIInterfaceOrientationPortrait UIInterfaceOrientationPortraitUpsideDown UIInterfaceOrientationLandscapeLeft UIInterfaceOrientationLandscapeRight";
				INFOPLIST_KEY_UISupportedInterfaceOrientations_iPhone = "UIInterfaceOrientationPortrait UIInterfaceOrientationLandscapeLeft UIInterfaceOrientationLandscapeRight";
				LD_RUNPATH_SEARCH_PATHS = (
					"$(inherited)",
					"@executable_path/Frameworks",
				);
				MARKETING_VERSION = 1.0;
				PRODUCT_BUNDLE_IDENTIFIER = com.joe3524.SlideOutMenu;
				PRODUCT_NAME = "$(TARGET_NAME)";
				SWIFT_EMIT_LOC_STRINGS = YES;
				SWIFT_VERSION = 5.0;
				TARGETED_DEVICE_FAMILY = "1,2";
			};
			name = Debug;
		};
		D87DD169293F6F5400022F97 /* Release */ = {
			isa = XCBuildConfiguration;
			buildSettings = {
				ASSETCATALOG_COMPILER_APPICON_NAME = AppIcon;
				ASSETCATALOG_COMPILER_GLOBAL_ACCENT_COLOR_NAME = AccentColor;
				CODE_SIGN_STYLE = Automatic;
				CURRENT_PROJECT_VERSION = 1;
				DEVELOPMENT_TEAM = Q5CYH8RVUS;
				GENERATE_INFOPLIST_FILE = YES;
				INFOPLIST_FILE = SlideOutMenu/Info.plist;
				INFOPLIST_KEY_UIApplicationSupportsIndirectInputEvents = YES;
				INFOPLIST_KEY_UILaunchStoryboardName = LaunchScreen;
				INFOPLIST_KEY_UIMainStoryboardFile = Main;
				INFOPLIST_KEY_UISupportedInterfaceOrientations_iPad = "UIInterfaceOrientationPortrait UIInterfaceOrientationPortraitUpsideDown UIInterfaceOrientationLandscapeLeft UIInterfaceOrientationLandscapeRight";
				INFOPLIST_KEY_UISupportedInterfaceOrientations_iPhone = "UIInterfaceOrientationPortrait UIInterfaceOrientationLandscapeLeft UIInterfaceOrientationLandscapeRight";
				LD_RUNPATH_SEARCH_PATHS = (
					"$(inherited)",
					"@executable_path/Frameworks",
				);
				MARKETING_VERSION = 1.0;
				PRODUCT_BUNDLE_IDENTIFIER = com.joe3524.SlideOutMenu;
				PRODUCT_NAME = "$(TARGET_NAME)";
				SWIFT_EMIT_LOC_STRINGS = YES;
				SWIFT_VERSION = 5.0;
				TARGETED_DEVICE_FAMILY = "1,2";
			};
			name = Release;
		};
/* End XCBuildConfiguration section */

/* Begin XCConfigurationList section */
		D87DD14E293F6F5200022F97 /* Build configuration list for PBXProject "SlideOutMenu" */ = {
			isa = XCConfigurationList;
			buildConfigurations = (
				D87DD165293F6F5400022F97 /* Debug */,
				D87DD166293F6F5400022F97 /* Release */,
			);
			defaultConfigurationIsVisible = 0;
			defaultConfigurationName = Release;
		};
		D87DD167293F6F5400022F97 /* Build configuration list for PBXNativeTarget "SlideOutMenu" */ = {
			isa = XCConfigurationList;
			buildConfigurations = (
				D87DD168293F6F5400022F97 /* Debug */,
				D87DD169293F6F5400022F97 /* Release */,
			);
			defaultConfigurationIsVisible = 0;
			defaultConfigurationName = Release;
		};
/* End XCConfigurationList section */
	};
	rootObject = D87DD14B293F6F5200022F97 /* Project object */;
}
